
Microsoft Visual Studio Solution File, Format Version 12.00
# Visual Studio Version 17
VisualStudioVersion = 17.7.34018.315
MinimumVisualStudioVersion = 10.0.40219.1
Project("{FAE04EC0-301F-11D3-BF4B-00C04F79EFBC}") = "JetFileBrowser.WPF", "JetFileBrowser.WPF\JetFileBrowser.WPF.csproj", "{F08CD207-C333-4DA2-89A7-409714530DF6}"
EndProject
Project("{FAE04EC0-301F-11D3-BF4B-00C04F79EFBC}") = "JetFileBrowser", "JetFileBrowser\JetFileBrowser.csproj", "{26E590AF-8F47-4251-B978-C32843606730}"
EndProject
Global
	GlobalSection(SolutionConfigurationPlatforms) = preSolution
		Debug|Any CPU = Debug|Any CPU
		Release|Any CPU = Release|Any CPU
	EndGlobalSection
	GlobalSection(ProjectConfigurationPlatforms) = postSolution
		{F08CD207-C333-4DA2-89A7-409714530DF6}.Debug|Any CPU.ActiveCfg = Debug|Any CPU
		{F08CD207-C333-4DA2-89A7-409714530DF6}.Debug|Any CPU.Build.0 = Debug|Any CPU
		{F08CD207-C333-4DA2-89A7-409714530DF6}.Release|Any CPU.ActiveCfg = Release|Any CPU
		{F08CD207-C333-4DA2-89A7-409714530DF6}.Release|Any CPU.Build.0 = Release|Any CPU
		{26E590AF-8F47-4251-B978-C32843606730}.Debug|Any CPU.ActiveCfg = Debug|Any CPU
		{26E590AF-8F47-4251-B978-C32843606730}.Debug|Any CPU.Build.0 = Debug|Any CPU
		{26E590AF-8F47-4251-B978-C32843606730}.Release|Any CPU.ActiveCfg = Release|Any CPU
		{26E590AF-8F47-4251-B978-C32843606730}.Release|Any CPU.Build.0 = Release|Any CPU
	EndGlobalSection
	GlobalSection(SolutionProperties) = preSolution
		HideSolutionNode = FALSE
	EndGlobalSection
	GlobalSection(ExtensibilityGlobals) = postSolution
		SolutionGuid = {159347FD-AFA0-49F3-9A28-D60327E5DF5F}
	EndGlobalSection
EndGlobal
